<?xml version="1.0" encoding="utf-8"?>
<Project ToolsVersion="4.0" xmlns="http://schemas.microsoft.com/developer/msbuild/2003">
  <ItemGroup>
    <Filter Include="소스 파일">
      <UniqueIdentifier>{4FC737F1-C7A5-4376-A066-2A32D752A2FF}</UniqueIdentifier>
      <Extensions>cpp;c;cc;cxx;c++;cppm;ixx;def;odl;idl;hpj;bat;asm;asmx</Extensions>
    </Filter>
    <Filter Include="헤더 파일">
      <UniqueIdentifier>{93995380-89BD-4b04-88EB-625FBE52EBFB}</UniqueIdentifier>
      <Extensions>h;hh;hpp;hxx;h++;hm;inl;inc;ipp;xsd</Extensions>
    </Filter>
    <Filter Include="리소스 파일">
      <UniqueIdentifier>{67DA6AB6-F800-4c08-8B7A-83BB121AAD01}</UniqueIdentifier>
      <Extensions>rc;ico;cur;bmp;dlg;rc2;rct;bin;rgs;gif;jpg;jpeg;jpe;resx;tiff;tif;png;wav;mfcribbon-ms</Extensions>
    </Filter>
  </ItemGroup>
  <ItemGroup>
    <None Include="fragment.glsl">
      <Filter>리소스 파일</Filter>
    </None>
    <None Include="vertex.glsl">
      <Filter>리소스 파일</Filter>
    </None>
    <None Include="fragment_texture.glsl">
      <Filter>리소스 파일</Filter>
    </None>
    <None Include="vertex_texture.glsl">
      <Filter>리소스 파일</Filter>
    </None>
  </ItemGroup>
  <ItemGroup>
    <ClCompile Include="camera.cpp">
      <Filter>소스 파일</Filter>
    </ClCompile>
    <ClCompile Include="cube.cpp">
      <Filter>소스 파일</Filter>
    </ClCompile>
    <ClCompile Include="game_framework.cpp">
      <Filter>소스 파일</Filter>
    </ClCompile>
    <ClCompile Include="game_world.cpp">
      <Filter>소스 파일</Filter>
    </ClCompile>
    <ClCompile Include="ImageManager.cpp">
      <Filter>소스 파일</Filter>
    </ClCompile>
    <ClCompile Include="key_events.cpp">
      <Filter>소스 파일</Filter>
    </ClCompile>
    <ClCompile Include="logo_state.cpp">
      <Filter>소스 파일</Filter>
    </ClCompile>
    <ClCompile Include="MainGame.cpp">
      <Filter>소스 파일</Filter>
    </ClCompile>
    <ClCompile Include="mario_character.cpp">
      <Filter>소스 파일</Filter>
    </ClCompile>
    <ClCompile Include="object.cpp">
      <Filter>소스 파일</Filter>
    </ClCompile>
    <ClCompile Include="play_state.cpp">
      <Filter>소스 파일</Filter>
    </ClCompile>
    <ClCompile Include="title_state.cpp">
      <Filter>소스 파일</Filter>
    </ClCompile>
    <ClCompile Include="check_collision.cpp">
      <Filter>소스 파일</Filter>
    </ClCompile>
  </ItemGroup>
  <ItemGroup>
    <ClInclude Include="camera.h">
      <Filter>헤더 파일</Filter>
    </ClInclude>
    <ClInclude Include="cube.h">
      <Filter>헤더 파일</Filter>
    </ClInclude>
    <ClInclude Include="game_framework.h">
      <Filter>헤더 파일</Filter>
    </ClInclude>
    <ClInclude Include="game_world.h">
      <Filter>헤더 파일</Filter>
    </ClInclude>
    <ClInclude Include="ImageManager.h">
      <Filter>헤더 파일</Filter>
    </ClInclude>
    <ClInclude Include="key_events.h">
      <Filter>헤더 파일</Filter>
    </ClInclude>
    <ClInclude Include="logo_state.h">
      <Filter>헤더 파일</Filter>
    </ClInclude>
    <ClInclude Include="MainGame.h">
      <Filter>헤더 파일</Filter>
    </ClInclude>
    <ClInclude Include="mario_character.h">
      <Filter>헤더 파일</Filter>
    </ClInclude>
    <ClInclude Include="object.h">
      <Filter>헤더 파일</Filter>
    </ClInclude>
    <ClInclude Include="play_state.h">
      <Filter>헤더 파일</Filter>
    </ClInclude>
    <ClInclude Include="stb_image.h">
      <Filter>헤더 파일</Filter>
    </ClInclude>
    <ClInclude Include="stdafx.h">
      <Filter>헤더 파일</Filter>
    </ClInclude>
    <ClInclude Include="title_state.h">
      <Filter>헤더 파일</Filter>
    </ClInclude>
    <ClInclude Include="check_collision.h">
      <Filter>헤더 파일</Filter>
    </ClInclude>
  </ItemGroup>
</Project>