<?xml version="1.0" encoding="utf-8"?>
<Project ToolsVersion="4.0" xmlns="http://schemas.microsoft.com/developer/msbuild/2003">
  <ItemGroup>
    <Filter Include="소스 파일">
      <UniqueIdentifier>{4FC737F1-C7A5-4376-A066-2A32D752A2FF}</UniqueIdentifier>
      <Extensions>cpp;c;cc;cxx;c++;cppm;ixx;def;odl;idl;hpj;bat;asm;asmx</Extensions>
    </Filter>
    <Filter Include="헤더 파일">
      <UniqueIdentifier>{93995380-89BD-4b04-88EB-625FBE52EBFB}</UniqueIdentifier>
      <Extensions>h;hh;hpp;hxx;h++;hm;inl;inc;ipp;xsd</Extensions>
    </Filter>
    <Filter Include="리소스 파일">
      <UniqueIdentifier>{67DA6AB6-F800-4c08-8B7A-83BB121AAD01}</UniqueIdentifier>
      <Extensions>rc;ico;cur;bmp;dlg;rc2;rct;bin;rgs;gif;jpg;jpeg;jpe;resx;tiff;tif;png;wav;mfcribbon-ms</Extensions>
    </Filter>
    <Filter Include="Manager">
      <UniqueIdentifier>{fbf8590f-7617-4ddf-bd53-e559828b45f0}</UniqueIdentifier>
    </Filter>
    <Filter Include="FrameWork">
      <UniqueIdentifier>{33c096d9-8f26-41f8-8edc-cf500d0c396a}</UniqueIdentifier>
    </Filter>
    <Filter Include="MapObject">
      <UniqueIdentifier>{d1c61cb5-98a9-438c-b14c-304e796277cd}</UniqueIdentifier>
    </Filter>
    <Filter Include="MapObject\source">
      <UniqueIdentifier>{24b3d89c-1163-4a09-a0ae-74345df823c0}</UniqueIdentifier>
    </Filter>
    <Filter Include="MapObject\header">
      <UniqueIdentifier>{817e59b6-448e-4e22-a49b-a5665d2316b9}</UniqueIdentifier>
    </Filter>
    <Filter Include="Enemy">
      <UniqueIdentifier>{d03718b1-8e4b-4102-acc3-788d32d6474c}</UniqueIdentifier>
    </Filter>
    <Filter Include="Enemy\Source">
      <UniqueIdentifier>{0b80e88f-db0d-42b9-a82b-7ca883549365}</UniqueIdentifier>
    </Filter>
    <Filter Include="Enemy\Header">
      <UniqueIdentifier>{765c65be-83ec-40e2-9d02-fcb5461248b5}</UniqueIdentifier>
    </Filter>
    <Filter Include="particle">
      <UniqueIdentifier>{4c816c21-a530-4926-9066-a49b858d918b}</UniqueIdentifier>
    </Filter>
    <Filter Include="particle\sourse">
      <UniqueIdentifier>{26b97ae1-2555-4793-b28f-90dcea851b2f}</UniqueIdentifier>
    </Filter>
    <Filter Include="particle\header">
      <UniqueIdentifier>{3ac2fa54-58a2-4310-81f0-46bb50dfa4c8}</UniqueIdentifier>
    </Filter>
  </ItemGroup>
  <ItemGroup>
    <None Include="fragment_texture.glsl">
      <Filter>리소스 파일</Filter>
    </None>
    <None Include="vertex_texture.glsl">
      <Filter>리소스 파일</Filter>
    </None>
    <None Include="fragment_screen.glsl">
      <Filter>리소스 파일</Filter>
    </None>
    <None Include="vertex_screen.glsl">
      <Filter>리소스 파일</Filter>
    </None>
  </ItemGroup>
  <ItemGroup>
    <ClCompile Include="camera.cpp">
      <Filter>소스 파일</Filter>
    </ClCompile>
    <ClCompile Include="cube.cpp">
      <Filter>소스 파일</Filter>
    </ClCompile>
    <ClCompile Include="key_events.cpp">
      <Filter>소스 파일</Filter>
    </ClCompile>
    <ClCompile Include="logo_state.cpp">
      <Filter>소스 파일</Filter>
    </ClCompile>
    <ClCompile Include="MainGame.cpp">
      <Filter>소스 파일</Filter>
    </ClCompile>
    <ClCompile Include="mario_character.cpp">
      <Filter>소스 파일</Filter>
    </ClCompile>
    <ClCompile Include="object.cpp">
      <Filter>소스 파일</Filter>
    </ClCompile>
    <ClCompile Include="check_collision.cpp">
      <Filter>소스 파일</Filter>
    </ClCompile>
    <ClCompile Include="ImageManager.cpp">
      <Filter>Manager</Filter>
    </ClCompile>
    <ClCompile Include="game_framework.cpp">
      <Filter>FrameWork</Filter>
    </ClCompile>
    <ClCompile Include="game_world.cpp">
      <Filter>FrameWork</Filter>
    </ClCompile>
    <ClCompile Include="play_state.cpp">
      <Filter>FrameWork</Filter>
    </ClCompile>
    <ClCompile Include="title_state.cpp">
      <Filter>FrameWork</Filter>
    </ClCompile>
    <ClCompile Include="fileManager.cpp">
      <Filter>Manager</Filter>
    </ClCompile>
    <ClCompile Include="block.cpp">
      <Filter>MapObject\source</Filter>
    </ClCompile>
    <ClCompile Include="brick.cpp">
      <Filter>MapObject\source</Filter>
    </ClCompile>
    <ClCompile Include="pipe.cpp">
      <Filter>MapObject\source</Filter>
    </ClCompile>
    <ClCompile Include="door.cpp">
      <Filter>MapObject\source</Filter>
    </ClCompile>
    <ClCompile Include="ground.cpp">
      <Filter>MapObject\source</Filter>
    </ClCompile>
    <ClCompile Include="MysteryBlock.cpp">
      <Filter>MapObject\source</Filter>
    </ClCompile>
    <ClCompile Include="changeDimension_state.cpp">
      <Filter>FrameWork</Filter>
    </ClCompile>
    <ClCompile Include="goomba.cpp">
      <Filter>Enemy\Source</Filter>
    </ClCompile>
    <ClCompile Include="enemy.cpp">
      <Filter>Enemy\Source</Filter>
    </ClCompile>
    <ClCompile Include="item.cpp">
      <Filter>MapObject\source</Filter>
    </ClCompile>
    <ClCompile Include="coin.cpp">
      <Filter>MapObject\source</Filter>
    </ClCompile>
    <ClCompile Include="mushroom.cpp">
      <Filter>MapObject\source</Filter>
    </ClCompile>
    <ClCompile Include="wall.cpp">
      <Filter>MapObject\source</Filter>
    </ClCompile>
    <ClCompile Include="particle.cpp">
      <Filter>particle\sourse</Filter>
    </ClCompile>
    <ClCompile Include="brickParticle.cpp">
      <Filter>particle\sourse</Filter>
    </ClCompile>
    <ClCompile Include="hud.cpp">
      <Filter>소스 파일</Filter>
    </ClCompile>
    <ClCompile Include="pictureWall.cpp">
      <Filter>MapObject\source</Filter>
    </ClCompile>
  </ItemGroup>
  <ItemGroup>
    <ClInclude Include="camera.h">
      <Filter>헤더 파일</Filter>
    </ClInclude>
    <ClInclude Include="cube.h">
      <Filter>헤더 파일</Filter>
    </ClInclude>
    <ClInclude Include="key_events.h">
      <Filter>헤더 파일</Filter>
    </ClInclude>
    <ClInclude Include="logo_state.h">
      <Filter>헤더 파일</Filter>
    </ClInclude>
    <ClInclude Include="MainGame.h">
      <Filter>헤더 파일</Filter>
    </ClInclude>
    <ClInclude Include="mario_character.h">
      <Filter>헤더 파일</Filter>
    </ClInclude>
    <ClInclude Include="object.h">
      <Filter>헤더 파일</Filter>
    </ClInclude>
    <ClInclude Include="stb_image.h">
      <Filter>헤더 파일</Filter>
    </ClInclude>
    <ClInclude Include="stdafx.h">
      <Filter>헤더 파일</Filter>
    </ClInclude>
    <ClInclude Include="check_collision.h">
      <Filter>헤더 파일</Filter>
    </ClInclude>
    <ClInclude Include="ImageManager.h">
      <Filter>Manager</Filter>
    </ClInclude>
    <ClInclude Include="game_framework.h">
      <Filter>FrameWork</Filter>
    </ClInclude>
    <ClInclude Include="play_state.h">
      <Filter>FrameWork</Filter>
    </ClInclude>
    <ClInclude Include="title_state.h">
      <Filter>FrameWork</Filter>
    </ClInclude>
    <ClInclude Include="game_world.h">
      <Filter>FrameWork</Filter>
    </ClInclude>
    <ClInclude Include="fileManager.h">
      <Filter>Manager</Filter>
    </ClInclude>
    <ClInclude Include="block.h">
      <Filter>MapObject\header</Filter>
    </ClInclude>
    <ClInclude Include="brick.h">
      <Filter>MapObject\header</Filter>
    </ClInclude>
    <ClInclude Include="door.h">
      <Filter>MapObject\header</Filter>
    </ClInclude>
    <ClInclude Include="ground.h">
      <Filter>MapObject\header</Filter>
    </ClInclude>
    <ClInclude Include="mysteryBlock.h">
      <Filter>MapObject\header</Filter>
    </ClInclude>
    <ClInclude Include="changeDimension_state.h">
      <Filter>FrameWork</Filter>
    </ClInclude>
    <ClInclude Include="goomba.h">
      <Filter>Enemy\Header</Filter>
    </ClInclude>
    <ClInclude Include="enemy.h">
      <Filter>Enemy\Header</Filter>
    </ClInclude>
    <ClInclude Include="item.h">
      <Filter>MapObject\header</Filter>
    </ClInclude>
    <ClInclude Include="coin.h">
      <Filter>MapObject\header</Filter>
    </ClInclude>
    <ClInclude Include="mushroom.h">
      <Filter>MapObject\header</Filter>
    </ClInclude>
    <ClInclude Include="pipe.h">
      <Filter>MapObject\header</Filter>
    </ClInclude>
    <ClInclude Include="wall.h">
      <Filter>MapObject\header</Filter>
    </ClInclude>
    <ClInclude Include="particle.h">
      <Filter>particle\header</Filter>
    </ClInclude>
    <ClInclude Include="brickParticle.h">
      <Filter>particle\header</Filter>
    </ClInclude>
    <ClInclude Include="hud.h">
      <Filter>헤더 파일</Filter>
    </ClInclude>
    <ClInclude Include="pictureWall.h">
      <Filter>MapObject\header</Filter>
    </ClInclude>
  </ItemGroup>
</Project>